
Microsoft Visual Studio Solution File, Format Version 12.00
# Visual Studio Version 16
Project("{8BC9CEB8-8B4A-11D0-8D11-00A0C91BC942}") = "ALL_BUILD", "ALL_BUILD.vcxproj", "{9A650141-23F5-362B-A588-FA61ECB19A52}"
	ProjectSection(ProjectDependencies) = postProject
		{802484AE-9CBA-3791-8F83-D96741999E4F} = {802484AE-9CBA-3791-8F83-D96741999E4F}
		{57D54FDC-B47E-3813-B5E4-F16CCAF94468} = {57D54FDC-B47E-3813-B5E4-F16CCAF94468}
		{F1F43948-C818-3D72-B275-9C418BC104DE} = {F1F43948-C818-3D72-B275-9C418BC104DE}
	EndProjectSection
EndProject
Project("{8BC9CEB8-8B4A-11D0-8D11-00A0C91BC942}") = "6dofArm", "6dofArm.vcxproj", "{802484AE-9CBA-3791-8F83-D96741999E4F}"
	ProjectSection(ProjectDependencies) = postProject
		{57D54FDC-B47E-3813-B5E4-F16CCAF94468} = {57D54FDC-B47E-3813-B5E4-F16CCAF94468}
		{F1F43948-C818-3D72-B275-9C418BC104DE} = {F1F43948-C818-3D72-B275-9C418BC104DE}
	EndProjectSection
EndProject
Project("{8BC9CEB8-8B4A-11D0-8D11-00A0C91BC942}") = "ZERO_CHECK", "ZERO_CHECK.vcxproj", "{57D54FDC-B47E-3813-B5E4-F16CCAF94468}"
	ProjectSection(ProjectDependencies) = postProject
	EndProjectSection
EndProject
Project("{8BC9CEB8-8B4A-11D0-8D11-00A0C91BC942}") = "kinematics_lib", "kinematics_lib.vcxproj", "{F1F43948-C818-3D72-B275-9C418BC104DE}"
	ProjectSection(ProjectDependencies) = postProject
		{57D54FDC-B47E-3813-B5E4-F16CCAF94468} = {57D54FDC-B47E-3813-B5E4-F16CCAF94468}
	EndProjectSection
EndProject
Global
	GlobalSection(SolutionConfigurationPlatforms) = preSolution
		Debug|x64 = Debug|x64
		Release|x64 = Release|x64
		MinSizeRel|x64 = MinSizeRel|x64
		RelWithDebInfo|x64 = RelWithDebInfo|x64
	EndGlobalSection
	GlobalSection(ProjectConfigurationPlatforms) = postSolution
		{9A650141-23F5-362B-A588-FA61ECB19A52}.Debug|x64.ActiveCfg = Debug|x64
		{9A650141-23F5-362B-A588-FA61ECB19A52}.Release|x64.ActiveCfg = Release|x64
		{9A650141-23F5-362B-A588-FA61ECB19A52}.MinSizeRel|x64.ActiveCfg = MinSizeRel|x64
		{9A650141-23F5-362B-A588-FA61ECB19A52}.RelWithDebInfo|x64.ActiveCfg = RelWithDebInfo|x64
		{802484AE-9CBA-3791-8F83-D96741999E4F}.Debug|x64.ActiveCfg = Debug|x64
		{802484AE-9CBA-3791-8F83-D96741999E4F}.Debug|x64.Build.0 = Debug|x64
		{802484AE-9CBA-3791-8F83-D96741999E4F}.Release|x64.ActiveCfg = Release|x64
		{802484AE-9CBA-3791-8F83-D96741999E4F}.Release|x64.Build.0 = Release|x64
		{802484AE-9CBA-3791-8F83-D96741999E4F}.MinSizeRel|x64.ActiveCfg = MinSizeRel|x64
		{802484AE-9CBA-3791-8F83-D96741999E4F}.MinSizeRel|x64.Build.0 = MinSizeRel|x64
		{802484AE-9CBA-3791-8F83-D96741999E4F}.RelWithDebInfo|x64.ActiveCfg = RelWithDebInfo|x64
		{802484AE-9CBA-3791-8F83-D96741999E4F}.RelWithDebInfo|x64.Build.0 = RelWithDebInfo|x64
		{57D54FDC-B47E-3813-B5E4-F16CCAF94468}.Debug|x64.ActiveCfg = Debug|x64
		{57D54FDC-B47E-3813-B5E4-F16CCAF94468}.Debug|x64.Build.0 = Debug|x64
		{57D54FDC-B47E-3813-B5E4-F16CCAF94468}.Release|x64.ActiveCfg = Release|x64
		{57D54FDC-B47E-3813-B5E4-F16CCAF94468}.Release|x64.Build.0 = Release|x64
		{57D54FDC-B47E-3813-B5E4-F16CCAF94468}.MinSizeRel|x64.ActiveCfg = MinSizeRel|x64
		{57D54FDC-B47E-3813-B5E4-F16CCAF94468}.MinSizeRel|x64.Build.0 = MinSizeRel|x64
		{57D54FDC-B47E-3813-B5E4-F16CCAF94468}.RelWithDebInfo|x64.ActiveCfg = RelWithDebInfo|x64
		{57D54FDC-B47E-3813-B5E4-F16CCAF94468}.RelWithDebInfo|x64.Build.0 = RelWithDebInfo|x64
		{F1F43948-C818-3D72-B275-9C418BC104DE}.Debug|x64.ActiveCfg = Debug|x64
		{F1F43948-C818-3D72-B275-9C418BC104DE}.Debug|x64.Build.0 = Debug|x64
		{F1F43948-C818-3D72-B275-9C418BC104DE}.Release|x64.ActiveCfg = Release|x64
		{F1F43948-C818-3D72-B275-9C418BC104DE}.Release|x64.Build.0 = Release|x64
		{F1F43948-C818-3D72-B275-9C418BC104DE}.MinSizeRel|x64.ActiveCfg = MinSizeRel|x64
		{F1F43948-C818-3D72-B275-9C418BC104DE}.MinSizeRel|x64.Build.0 = MinSizeRel|x64
		{F1F43948-C818-3D72-B275-9C418BC104DE}.RelWithDebInfo|x64.ActiveCfg = RelWithDebInfo|x64
		{F1F43948-C818-3D72-B275-9C418BC104DE}.RelWithDebInfo|x64.Build.0 = RelWithDebInfo|x64
	EndGlobalSection
	GlobalSection(ExtensibilityGlobals) = postSolution
		SolutionGuid = {65CFF18B-A7A3-3ACB-B3F0-B095AF1B16DF}
	EndGlobalSection
	GlobalSection(ExtensibilityAddIns) = postSolution
	EndGlobalSection
EndGlobal
